<?xml version="1.0" encoding="utf-8"?>
<Project ToolsVersion="4.0" xmlns="http://schemas.microsoft.com/developer/msbuild/2003">
  <ItemGroup>
    <Filter Include="Include">
      <UniqueIdentifier>{6778eb74-56f8-4f4d-a23a-2518119ebeaa}</UniqueIdentifier>
    </Filter>
    <Filter Include="Source">
      <UniqueIdentifier>{6b3c8bc0-b1d7-4336-9453-1ed0fc9de8da}</UniqueIdentifier>
    </Filter>
    <Filter Include="Source\DirectX11">
      <UniqueIdentifier>{67e90bc2-9db4-491b-ac48-f03e087cc4e8}</UniqueIdentifier>
    </Filter>
    <Filter Include="Include\DirectX11">
      <UniqueIdentifier>{b392794a-5293-4870-9035-f24b4dbf16d7}</UniqueIdentifier>
    </Filter>
  </ItemGroup>
  <ItemGroup>
    <ClInclude Include="Include\DirectX11\LGDirectX11IndexBuffer.h">
      <Filter>Include\DirectX11</Filter>
    </ClInclude>
    <ClInclude Include="Include\DirectX11\LGDirectX11VertexBuffer.h">
      <Filter>Include\DirectX11</Filter>
    </ClInclude>
    <ClInclude Include="Include\DirectX11\LGDirectX11Graphics.h">
      <Filter>Include\DirectX11</Filter>
    </ClInclude>
    <ClInclude Include="Include\LGGraphics.h">
      <Filter>Include</Filter>
    </ClInclude>
    <ClInclude Include="Include\LGObject.h">
      <Filter>Include</Filter>
    </ClInclude>
    <ClInclude Include="Include\LGResource.h">
      <Filter>Include</Filter>
    </ClInclude>
    <ClInclude Include="Include\LGIndexBuffer.h">
      <Filter>Include</Filter>
    </ClInclude>
    <ClInclude Include="Include\LGVertexBuffer.h">
      <Filter>Include</Filter>
    </ClInclude>
    <ClInclude Include="Include\LGUsage.h">
      <Filter>Include</Filter>
    </ClInclude>
    <ClInclude Include="Include\LGClear.h">
      <Filter>Include</Filter>
    </ClInclude>
    <ClInclude Include="Include\LGUniformBuffer.h">
      <Filter>Include</Filter>
    </ClInclude>
    <ClInclude Include="Include\LGTopology.h">
      <Filter>Include</Filter>
    </ClInclude>
    <ClInclude Include="Include\DirectX11\LGDirectX11Clear.h">
      <Filter>Include\DirectX11</Filter>
    </ClInclude>
    <ClInclude Include="Include\DirectX11\LGDirectX11PipelineState.h">
      <Filter>Include\DirectX11</Filter>
    </ClInclude>
    <ClInclude Include="Include\LGPipelineState.h">
      <Filter>Include</Filter>
    </ClInclude>
    <ClInclude Include="Include\LGBuffer.h">
      <Filter>Include</Filter>
    </ClInclude>
    <ClInclude Include="Include\LGVertexLayout.h">
      <Filter>Include</Filter>
    </ClInclude>
    <ClInclude Include="Include\DirectX11\LGDirectX11VertexLayout.h">
      <Filter>Include\DirectX11</Filter>
    </ClInclude>
    <ClInclude Include="Include\LGRenderTarget.h">
      <Filter>Include</Filter>
    </ClInclude>
    <ClInclude Include="Include\DirectX11\LGDirectX11RenderTarget.h">
      <Filter>Include\DirectX11</Filter>
    </ClInclude>
    <ClInclude Include="Include\DirectX11\LGDirectX11Texture2D.h">
      <Filter>Include\DirectX11</Filter>
    </ClInclude>
    <ClInclude Include="Include\LGTexture.h">
      <Filter>Include</Filter>
    </ClInclude>
  </ItemGroup>
  <ItemGroup>
    <ClCompile Include="Source\DirectX11\LGDirectX11IndexBuffer.cpp">
      <Filter>Source\DirectX11</Filter>
    </ClCompile>
    <ClCompile Include="Source\DirectX11\LGDirectX11VertexBuffer.cpp">
      <Filter>Source\DirectX11</Filter>
    </ClCompile>
    <ClCompile Include="Source\DirectX11\LGDirectX11Graphics.cpp">
      <Filter>Source\DirectX11</Filter>
    </ClCompile>
    <ClCompile Include="Source\LGIndexBuffer.cpp">
      <Filter>Source</Filter>
    </ClCompile>
    <ClCompile Include="Source\LGVertexBuffer.cpp">
      <Filter>Source</Filter>
    </ClCompile>
    <ClCompile Include="Include\DirectX11\LGDirectX11Usage.h">
      <Filter>Include\DirectX11</Filter>
    </ClCompile>
    <ClCompile Include="Source\LGUniformBuffer.cpp">
      <Filter>Source</Filter>
    </ClCompile>
    <ClCompile Include="Source\LGBuffer.cpp">
      <Filter>Source</Filter>
    </ClCompile>
    <ClCompile Include="Source\LGGraphics.cpp">
      <Filter>Source</Filter>
    </ClCompile>
    <ClCompile Include="Source\DirectX11\LGDirectX11PipelineState.cpp">
      <Filter>Source\DirectX11</Filter>
    </ClCompile>
    <ClCompile Include="Source\DirectX11\LGDirectX11RenderTarget.cpp">
      <Filter>Source\DirectX11</Filter>
    </ClCompile>
  </ItemGroup>
</Project>