
Microsoft Visual Studio Solution File, Format Version 12.00
# Visual Studio 15
VisualStudioVersion = 15.0.28010.2036
MinimumVisualStudioVersion = 10.0.40219.1
Project("{8BC9CEB8-8B4A-11D0-8D11-00A0C91BC942}") = "Engine", "Engine\Engine.vcxproj", "{E9337158-FFE5-48AE-AC09-1288B179D971}"
EndProject
Project("{8BC9CEB8-8B4A-11D0-8D11-00A0C91BC942}") = "Graphics", "Graphics\Graphics.vcxproj", "{68C86980-BEF5-4CB9-A8CD-5332BF932A4B}"
EndProject
Global
	GlobalSection(SolutionConfigurationPlatforms) = preSolution
		Windows DirectX11 Debug|x64 = Windows DirectX11 Debug|x64
		Windows DirectX11 Debug|x86 = Windows DirectX11 Debug|x86
		Windows DirectX11 Release|x64 = Windows DirectX11 Release|x64
		Windows DirectX11 Release|x86 = Windows DirectX11 Release|x86
	EndGlobalSection
	GlobalSection(ProjectConfigurationPlatforms) = postSolution
		{E9337158-FFE5-48AE-AC09-1288B179D971}.Windows DirectX11 Debug|x64.ActiveCfg = Debug|x64
		{E9337158-FFE5-48AE-AC09-1288B179D971}.Windows DirectX11 Debug|x64.Build.0 = Debug|x64
		{E9337158-FFE5-48AE-AC09-1288B179D971}.Windows DirectX11 Debug|x86.ActiveCfg = Debug|x64
		{E9337158-FFE5-48AE-AC09-1288B179D971}.Windows DirectX11 Debug|x86.Build.0 = Debug|x64
		{E9337158-FFE5-48AE-AC09-1288B179D971}.Windows DirectX11 Release|x64.ActiveCfg = Release|x64
		{E9337158-FFE5-48AE-AC09-1288B179D971}.Windows DirectX11 Release|x64.Build.0 = Release|x64
		{E9337158-FFE5-48AE-AC09-1288B179D971}.Windows DirectX11 Release|x86.ActiveCfg = Release|Win32
		{E9337158-FFE5-48AE-AC09-1288B179D971}.Windows DirectX11 Release|x86.Build.0 = Release|Win32
		{68C86980-BEF5-4CB9-A8CD-5332BF932A4B}.Windows DirectX11 Debug|x64.ActiveCfg = Debug|x64
		{68C86980-BEF5-4CB9-A8CD-5332BF932A4B}.Windows DirectX11 Debug|x64.Build.0 = Debug|x64
		{68C86980-BEF5-4CB9-A8CD-5332BF932A4B}.Windows DirectX11 Debug|x86.ActiveCfg = Debug|x64
		{68C86980-BEF5-4CB9-A8CD-5332BF932A4B}.Windows DirectX11 Debug|x86.Build.0 = Debug|x64
		{68C86980-BEF5-4CB9-A8CD-5332BF932A4B}.Windows DirectX11 Release|x64.ActiveCfg = Release|x64
		{68C86980-BEF5-4CB9-A8CD-5332BF932A4B}.Windows DirectX11 Release|x64.Build.0 = Release|x64
		{68C86980-BEF5-4CB9-A8CD-5332BF932A4B}.Windows DirectX11 Release|x86.ActiveCfg = Release|Win32
		{68C86980-BEF5-4CB9-A8CD-5332BF932A4B}.Windows DirectX11 Release|x86.Build.0 = Release|Win32
	EndGlobalSection
	GlobalSection(SolutionProperties) = preSolution
		HideSolutionNode = FALSE
	EndGlobalSection
	GlobalSection(ExtensibilityGlobals) = postSolution
		SolutionGuid = {9186F0E0-97DC-43DD-910C-32D0E201E7DA}
	EndGlobalSection
EndGlobal
